
Microsoft Visual Studio Solution File, Format Version 12.00
# Visual Studio Version 17
VisualStudioVersion = 17.13.35931.197
MinimumVisualStudioVersion = 10.0.40219.1
Project("{8BC9CEB8-8B4A-11D0-8D11-00A0C91BC942}") = "ProAss01", "ProAss01\ProAss01.vcxproj", "{1B46031B-C70D-4395-9DBF-6BAB8CF75EE5}"
EndProject
Project("{8BC9CEB8-8B4A-11D0-8D11-00A0C91BC942}") = "ProAss02", "ProAss02\ProAss02.vcxproj", "{05B290BC-386F-449C-A506-78CB8208B017}"
EndProject
Project("{8BC9CEB8-8B4A-11D0-8D11-00A0C91BC942}") = "ProAss03", "ProAss03\ProAss03.vcxproj", "{ED702B8D-3FDF-455E-B413-4B50F33856EC}"
EndProject
Project("{8BC9CEB8-8B4A-11D0-8D11-00A0C91BC942}") = "ProAss04", "ProAss04\ProAss04.vcxproj", "{F90BA3F4-4FA7-4115-B8FF-A8309659FD61}"
EndProject
Project("{8BC9CEB8-8B4A-11D0-8D11-00A0C91BC942}") = "ProAss05", "ProAss05\ProAss05.vcxproj", "{F4091778-FE1C-4F0E-8AD1-241AE604C89F}"
EndProject
Project("{8BC9CEB8-8B4A-11D0-8D11-00A0C91BC942}") = "ProAss06", "ProAss06\ProAss06.vcxproj", "{C09538CE-7493-47CD-81C7-5057DECEF614}"
EndProject
Project("{8BC9CEB8-8B4A-11D0-8D11-00A0C91BC942}") = "ProAss07", "ProAss07\ProAss07.vcxproj", "{BB7B0E10-C5DA-48D2-9F48-3E75C5997700}"
EndProject
Project("{8BC9CEB8-8B4A-11D0-8D11-00A0C91BC942}") = "ProAss08", "ProAss08\ProAss08.vcxproj", "{7190540C-1F28-4FA1-B129-3BED003F386B}"
EndProject
Project("{8BC9CEB8-8B4A-11D0-8D11-00A0C91BC942}") = "ProAss09", "ProAss09\ProAss09.vcxproj", "{D679067D-0AD9-4764-A293-4F352515BA31}"
EndProject
Project("{8BC9CEB8-8B4A-11D0-8D11-00A0C91BC942}") = "ProAss15", "ProAss15\ProAss15.vcxproj", "{778A4370-F7A2-4993-9618-FFCA7C46A35F}"
EndProject
Project("{8BC9CEB8-8B4A-11D0-8D11-00A0C91BC942}") = "ProAss16", "ProAss16\ProAss16.vcxproj", "{29E2D68E-A3EF-4746-854C-727889C88CC3}"
EndProject
Project("{8BC9CEB8-8B4A-11D0-8D11-00A0C91BC942}") = "ProAss17", "ProAss17\ProAss17.vcxproj", "{352D2ED6-A33C-42D1-965B-938ADD780C29}"
EndProject
Global
	GlobalSection(SolutionConfigurationPlatforms) = preSolution
		Debug|x64 = Debug|x64
		Debug|x86 = Debug|x86
		Release|x64 = Release|x64
		Release|x86 = Release|x86
	EndGlobalSection
	GlobalSection(ProjectConfigurationPlatforms) = postSolution
		{1B46031B-C70D-4395-9DBF-6BAB8CF75EE5}.Debug|x64.ActiveCfg = Debug|x64
		{1B46031B-C70D-4395-9DBF-6BAB8CF75EE5}.Debug|x64.Build.0 = Debug|x64
		{1B46031B-C70D-4395-9DBF-6BAB8CF75EE5}.Debug|x86.ActiveCfg = Debug|Win32
		{1B46031B-C70D-4395-9DBF-6BAB8CF75EE5}.Debug|x86.Build.0 = Debug|Win32
		{1B46031B-C70D-4395-9DBF-6BAB8CF75EE5}.Release|x64.ActiveCfg = Release|x64
		{1B46031B-C70D-4395-9DBF-6BAB8CF75EE5}.Release|x64.Build.0 = Release|x64
		{1B46031B-C70D-4395-9DBF-6BAB8CF75EE5}.Release|x86.ActiveCfg = Release|Win32
		{1B46031B-C70D-4395-9DBF-6BAB8CF75EE5}.Release|x86.Build.0 = Release|Win32
		{05B290BC-386F-449C-A506-78CB8208B017}.Debug|x64.ActiveCfg = Debug|x64
		{05B290BC-386F-449C-A506-78CB8208B017}.Debug|x64.Build.0 = Debug|x64
		{05B290BC-386F-449C-A506-78CB8208B017}.Debug|x86.ActiveCfg = Debug|Win32
		{05B290BC-386F-449C-A506-78CB8208B017}.Debug|x86.Build.0 = Debug|Win32
		{05B290BC-386F-449C-A506-78CB8208B017}.Release|x64.ActiveCfg = Release|x64
		{05B290BC-386F-449C-A506-78CB8208B017}.Release|x64.Build.0 = Release|x64
		{05B290BC-386F-449C-A506-78CB8208B017}.Release|x86.ActiveCfg = Release|Win32
		{05B290BC-386F-449C-A506-78CB8208B017}.Release|x86.Build.0 = Release|Win32
		{ED702B8D-3FDF-455E-B413-4B50F33856EC}.Debug|x64.ActiveCfg = Debug|x64
		{ED702B8D-3FDF-455E-B413-4B50F33856EC}.Debug|x64.Build.0 = Debug|x64
		{ED702B8D-3FDF-455E-B413-4B50F33856EC}.Debug|x86.ActiveCfg = Debug|Win32
		{ED702B8D-3FDF-455E-B413-4B50F33856EC}.Debug|x86.Build.0 = Debug|Win32
		{ED702B8D-3FDF-455E-B413-4B50F33856EC}.Release|x64.ActiveCfg = Release|x64
		{ED702B8D-3FDF-455E-B413-4B50F33856EC}.Release|x64.Build.0 = Release|x64
		{ED702B8D-3FDF-455E-B413-4B50F33856EC}.Release|x86.ActiveCfg = Release|Win32
		{ED702B8D-3FDF-455E-B413-4B50F33856EC}.Release|x86.Build.0 = Release|Win32
		{F90BA3F4-4FA7-4115-B8FF-A8309659FD61}.Debug|x64.ActiveCfg = Debug|x64
		{F90BA3F4-4FA7-4115-B8FF-A8309659FD61}.Debug|x64.Build.0 = Debug|x64
		{F90BA3F4-4FA7-4115-B8FF-A8309659FD61}.Debug|x86.ActiveCfg = Debug|Win32
		{F90BA3F4-4FA7-4115-B8FF-A8309659FD61}.Debug|x86.Build.0 = Debug|Win32
		{F90BA3F4-4FA7-4115-B8FF-A8309659FD61}.Release|x64.ActiveCfg = Release|x64
		{F90BA3F4-4FA7-4115-B8FF-A8309659FD61}.Release|x64.Build.0 = Release|x64
		{F90BA3F4-4FA7-4115-B8FF-A8309659FD61}.Release|x86.ActiveCfg = Release|Win32
		{F90BA3F4-4FA7-4115-B8FF-A8309659FD61}.Release|x86.Build.0 = Release|Win32
		{F4091778-FE1C-4F0E-8AD1-241AE604C89F}.Debug|x64.ActiveCfg = Debug|x64
		{F4091778-FE1C-4F0E-8AD1-241AE604C89F}.Debug|x64.Build.0 = Debug|x64
		{F4091778-FE1C-4F0E-8AD1-241AE604C89F}.Debug|x86.ActiveCfg = Debug|Win32
		{F4091778-FE1C-4F0E-8AD1-241AE604C89F}.Debug|x86.Build.0 = Debug|Win32
		{F4091778-FE1C-4F0E-8AD1-241AE604C89F}.Release|x64.ActiveCfg = Release|x64
		{F4091778-FE1C-4F0E-8AD1-241AE604C89F}.Release|x64.Build.0 = Release|x64
		{F4091778-FE1C-4F0E-8AD1-241AE604C89F}.Release|x86.ActiveCfg = Release|Win32
		{F4091778-FE1C-4F0E-8AD1-241AE604C89F}.Release|x86.Build.0 = Release|Win32
		{C09538CE-7493-47CD-81C7-5057DECEF614}.Debug|x64.ActiveCfg = Debug|x64
		{C09538CE-7493-47CD-81C7-5057DECEF614}.Debug|x64.Build.0 = Debug|x64
		{C09538CE-7493-47CD-81C7-5057DECEF614}.Debug|x86.ActiveCfg = Debug|Win32
		{C09538CE-7493-47CD-81C7-5057DECEF614}.Debug|x86.Build.0 = Debug|Win32
		{C09538CE-7493-47CD-81C7-5057DECEF614}.Release|x64.ActiveCfg = Release|x64
		{C09538CE-7493-47CD-81C7-5057DECEF614}.Release|x64.Build.0 = Release|x64
		{C09538CE-7493-47CD-81C7-5057DECEF614}.Release|x86.ActiveCfg = Release|Win32
		{C09538CE-7493-47CD-81C7-5057DECEF614}.Release|x86.Build.0 = Release|Win32
		{BB7B0E10-C5DA-48D2-9F48-3E75C5997700}.Debug|x64.ActiveCfg = Debug|x64
		{BB7B0E10-C5DA-48D2-9F48-3E75C5997700}.Debug|x64.Build.0 = Debug|x64
		{BB7B0E10-C5DA-48D2-9F48-3E75C5997700}.Debug|x86.ActiveCfg = Debug|Win32
		{BB7B0E10-C5DA-48D2-9F48-3E75C5997700}.Debug|x86.Build.0 = Debug|Win32
		{BB7B0E10-C5DA-48D2-9F48-3E75C5997700}.Release|x64.ActiveCfg = Release|x64
		{BB7B0E10-C5DA-48D2-9F48-3E75C5997700}.Release|x64.Build.0 = Release|x64
		{BB7B0E10-C5DA-48D2-9F48-3E75C5997700}.Release|x86.ActiveCfg = Release|Win32
		{BB7B0E10-C5DA-48D2-9F48-3E75C5997700}.Release|x86.Build.0 = Release|Win32
		{7190540C-1F28-4FA1-B129-3BED003F386B}.Debug|x64.ActiveCfg = Debug|x64
		{7190540C-1F28-4FA1-B129-3BED003F386B}.Debug|x64.Build.0 = Debug|x64
		{7190540C-1F28-4FA1-B129-3BED003F386B}.Debug|x86.ActiveCfg = Debug|Win32
		{7190540C-1F28-4FA1-B129-3BED003F386B}.Debug|x86.Build.0 = Debug|Win32
		{7190540C-1F28-4FA1-B129-3BED003F386B}.Release|x64.ActiveCfg = Release|x64
		{7190540C-1F28-4FA1-B129-3BED003F386B}.Release|x64.Build.0 = Release|x64
		{7190540C-1F28-4FA1-B129-3BED003F386B}.Release|x86.ActiveCfg = Release|Win32
		{7190540C-1F28-4FA1-B129-3BED003F386B}.Release|x86.Build.0 = Release|Win32
		{D679067D-0AD9-4764-A293-4F352515BA31}.Debug|x64.ActiveCfg = Debug|x64
		{D679067D-0AD9-4764-A293-4F352515BA31}.Debug|x64.Build.0 = Debug|x64
		{D679067D-0AD9-4764-A293-4F352515BA31}.Debug|x86.ActiveCfg = Debug|Win32
		{D679067D-0AD9-4764-A293-4F352515BA31}.Debug|x86.Build.0 = Debug|Win32
		{D679067D-0AD9-4764-A293-4F352515BA31}.Release|x64.ActiveCfg = Release|x64
		{D679067D-0AD9-4764-A293-4F352515BA31}.Release|x64.Build.0 = Release|x64
		{D679067D-0AD9-4764-A293-4F352515BA31}.Release|x86.ActiveCfg = Release|Win32
		{D679067D-0AD9-4764-A293-4F352515BA31}.Release|x86.Build.0 = Release|Win32
		{778A4370-F7A2-4993-9618-FFCA7C46A35F}.Debug|x64.ActiveCfg = Debug|x64
		{778A4370-F7A2-4993-9618-FFCA7C46A35F}.Debug|x64.Build.0 = Debug|x64
		{778A4370-F7A2-4993-9618-FFCA7C46A35F}.Debug|x86.ActiveCfg = Debug|Win32
		{778A4370-F7A2-4993-9618-FFCA7C46A35F}.Debug|x86.Build.0 = Debug|Win32
		{778A4370-F7A2-4993-9618-FFCA7C46A35F}.Release|x64.ActiveCfg = Release|x64
		{778A4370-F7A2-4993-9618-FFCA7C46A35F}.Release|x64.Build.0 = Release|x64
		{778A4370-F7A2-4993-9618-FFCA7C46A35F}.Release|x86.ActiveCfg = Release|Win32
		{778A4370-F7A2-4993-9618-FFCA7C46A35F}.Release|x86.Build.0 = Release|Win32
		{29E2D68E-A3EF-4746-854C-727889C88CC3}.Debug|x64.ActiveCfg = Debug|x64
		{29E2D68E-A3EF-4746-854C-727889C88CC3}.Debug|x64.Build.0 = Debug|x64
		{29E2D68E-A3EF-4746-854C-727889C88CC3}.Debug|x86.ActiveCfg = Debug|Win32
		{29E2D68E-A3EF-4746-854C-727889C88CC3}.Debug|x86.Build.0 = Debug|Win32
		{29E2D68E-A3EF-4746-854C-727889C88CC3}.Release|x64.ActiveCfg = Release|x64
		{29E2D68E-A3EF-4746-854C-727889C88CC3}.Release|x64.Build.0 = Release|x64
		{29E2D68E-A3EF-4746-854C-727889C88CC3}.Release|x86.ActiveCfg = Release|Win32
		{29E2D68E-A3EF-4746-854C-727889C88CC3}.Release|x86.Build.0 = Release|Win32
		{352D2ED6-A33C-42D1-965B-938ADD780C29}.Debug|x64.ActiveCfg = Debug|x64
		{352D2ED6-A33C-42D1-965B-938ADD780C29}.Debug|x64.Build.0 = Debug|x64
		{352D2ED6-A33C-42D1-965B-938ADD780C29}.Debug|x86.ActiveCfg = Debug|Win32
		{352D2ED6-A33C-42D1-965B-938ADD780C29}.Debug|x86.Build.0 = Debug|Win32
		{352D2ED6-A33C-42D1-965B-938ADD780C29}.Release|x64.ActiveCfg = Release|x64
		{352D2ED6-A33C-42D1-965B-938ADD780C29}.Release|x64.Build.0 = Release|x64
		{352D2ED6-A33C-42D1-965B-938ADD780C29}.Release|x86.ActiveCfg = Release|Win32
		{352D2ED6-A33C-42D1-965B-938ADD780C29}.Release|x86.Build.0 = Release|Win32
	EndGlobalSection
	GlobalSection(SolutionProperties) = preSolution
		HideSolutionNode = FALSE
	EndGlobalSection
	GlobalSection(ExtensibilityGlobals) = postSolution
		SolutionGuid = {BF54456E-4A5B-472D-B27D-F4ECCA3E92E7}
	EndGlobalSection
EndGlobal
